# THIS IS AN AUTOGENERATED FILE. DO NOT EDIT THIS FILE DIRECTLY.
# yarn lockfile v1


"@now/node@^1.0.2":
  version "1.0.2"
  resolved "https://registry.yarnpkg.com/@now/node/-/node-1.0.2.tgz#484e595d992d52728f5b6e82c0310b5a7ceba851"
  integrity sha512-jGcpqOyQuxbYz0yBAV+Y5VTmuCF+geai1zOQPPKBNzsh+9j5Yoo8f0ImaGYkJeTQv19exKf3hHa5OcA4q4+5qg==
  dependencies:
    "@types/node" "*"

"@types/node@*":
  version "12.11.7"
  resolved "https://registry.yarnpkg.com/@types/node/-/node-12.11.7.tgz#57682a9771a3f7b09c2497f28129a0462966524a"
  integrity sha512-JNbGaHFCLwgHn/iCckiGSOZ1XYHsKFwREtzPwSGCVld1SGhOlmZw2D4ZI94HQCrBHbADzW9m4LER/8olJTRGHA==

"@types/nodemailer@^6.2.1":
  version "6.2.2"
  resolved "https://registry.yarnpkg.com/@types/nodemailer/-/nodemailer-6.2.2.tgz#08df85c22546e9f3f3c86e5635571c5229ab43a3"
  integrity sha512-vDbSSe3+bBXYgibKs8duOrH7bhAv1hMHl3Vtdr3KmXZWLfi5WtIg3X6D/+K4SMK1RbNlm5QZBQCOldST/sVjjg==
  dependencies:
    "@types/node" "*"

dom-walk@^0.1.0:
  version "0.1.1"
  resolved "https://registry.yarnpkg.com/dom-walk/-/dom-walk-0.1.1.tgz#672226dc74c8f799ad35307df936aba11acd6018"
  integrity sha1-ZyIm3HTI95mtNTB9+TaroRrNYBg=

git-cz@^3.2.1:
  version "3.3.0"
  resolved "https://registry.yarnpkg.com/git-cz/-/git-cz-3.3.0.tgz#34cc39a93eb56ee272470ad569dd45ff3426492f"
  integrity sha512-wIc93R0B8DIarbkhUMVBO+mezlSZSNj0sF8FBSLaSjS76o/uYPyDKYcAEdmGUkGgBfpI65u647eVTkOvT+cS0Q==
  dependencies:
    global "^4.3.2"

global@^4.3.2:
  version "4.4.0"
  resolved "https://registry.yarnpkg.com/global/-/global-4.4.0.tgz#3e7b105179006a323ed71aafca3e9c57a5cc6406"
  integrity sha512-wv/LAoHdRE3BeTGz53FAamhGlPLhlssK45usmGFThIi4XqnBmjKQ16u+RNbP7WvigRZDxUsM0J3gcQ5yicaL0w==
  dependencies:
    min-document "^2.19.0"
    process "^0.11.10"

min-document@^2.19.0:
  version "2.19.0"
  resolved "https://registry.yarnpkg.com/min-document/-/min-document-2.19.0.tgz#7bd282e3f5842ed295bb748cdd9f1ffa2c824685"
  integrity sha1-e9KC4/WELtKVu3SM3Z8f+iyCRoU=
  dependencies:
    dom-walk "^0.1.0"

nodemailer@^6.4.16:
  version "6.4.16"
  resolved "https://registry.yarnpkg.com/nodemailer/-/nodemailer-6.4.16.tgz#5cb6391b1d79ab7eff32d6f9f48366b5a7117293"
  integrity sha512-68K0LgZ6hmZ7PVmwL78gzNdjpj5viqBdFqKrTtr9bZbJYj6BRj5W6WGkxXrEnUl3Co3CBXi3CZBUlpV/foGnOQ==

now@^16.7.1:
  version "16.7.1"
  resolved "https://registry.yarnpkg.com/now/-/now-16.7.1.tgz#b936ee398588849d0374bb76196e43b8cbe14738"
  integrity sha512-iAf6eUaVXc2phDUcM2kYCevhSmk10DRWEraRAUstwUChx14DJRB1Kb65M65Bk13qBXkHIjdfTAH2dR4s1y64+w==

process@^0.11.10:
  version "0.11.10"
  resolved "https://registry.yarnpkg.com/process/-/process-0.11.10.tgz#7332300e840161bda3e69a1d1d91a7d4bc16f182"
  integrity sha1-czIwDoQBYb2j5podHZGn1LwW8YI=
