# THIS IS AN AUTOGENERATED FILE. DO NOT EDIT THIS FILE DIRECTLY.
# yarn lockfile v1


"@now/node@^1.0.2":
  version "1.0.2"
  resolved "https://registry.yarnpkg.com/@now/node/-/node-1.0.2.tgz#484e595d992d52728f5b6e82c0310b5a7ceba851"
  integrity sha512-jGcpqOyQuxbYz0yBAV+Y5VTmuCF+geai1zOQPPKBNzsh+9j5Yoo8f0ImaGYkJeTQv19exKf3hHa5OcA4q4+5qg==
  dependencies:
    "@types/node" "*"

"@types/node@*":
  version "12.11.2"
  resolved "https://registry.yarnpkg.com/@types/node/-/node-12.11.2.tgz#75ba3beda30d690b89a5089ca1c6e8e386150b76"
  integrity sha512-dsfE4BHJkLQW+reOS6b17xhZ/6FB1rB8eRRvO08nn5o+voxf3i74tuyFWNH6djdfgX7Sm5s6LD8t6mJug4dpDw==

"@types/nodemailer@^6.2.1":
  version "6.2.1"
  resolved "https://registry.yarnpkg.com/@types/nodemailer/-/nodemailer-6.2.1.tgz#8f089bf0ef826f04b9d8dd8750233b04978cb675"
  integrity sha512-6f46rxxaFwyOW39psPoQiM7jHjL7apDRNT5WPHIuv+TZFv+7sBGSI9J7blIC3/NWff4O9/VSzgoQtO6aPLUdvQ==
  dependencies:
    "@types/node" "*"

dom-walk@^0.1.0:
  version "0.1.1"
  resolved "https://registry.yarnpkg.com/dom-walk/-/dom-walk-0.1.1.tgz#672226dc74c8f799ad35307df936aba11acd6018"
  integrity sha1-ZyIm3HTI95mtNTB9+TaroRrNYBg=

git-cz@^3.2.1:
  version "3.2.1"
  resolved "https://registry.yarnpkg.com/git-cz/-/git-cz-3.2.1.tgz#24c0719936064edf133c2886f56e321d3ae443c0"
  integrity sha512-w4t/bnQOqN4i3F9Se+xMppRX80UKtvyzfUGzRcaNPOL9S9sowZfvri6GkYhSUJTUkgU7MKTSCyalWbAWvDcRwA==
  dependencies:
    global "^4.3.2"

global@^4.3.2:
  version "4.4.0"
  resolved "https://registry.yarnpkg.com/global/-/global-4.4.0.tgz#3e7b105179006a323ed71aafca3e9c57a5cc6406"
  integrity sha512-wv/LAoHdRE3BeTGz53FAamhGlPLhlssK45usmGFThIi4XqnBmjKQ16u+RNbP7WvigRZDxUsM0J3gcQ5yicaL0w==
  dependencies:
    min-document "^2.19.0"
    process "^0.11.10"

min-document@^2.19.0:
  version "2.19.0"
  resolved "https://registry.yarnpkg.com/min-document/-/min-document-2.19.0.tgz#7bd282e3f5842ed295bb748cdd9f1ffa2c824685"
  integrity sha1-e9KC4/WELtKVu3SM3Z8f+iyCRoU=
  dependencies:
    dom-walk "^0.1.0"

nodemailer@^6.3.1:
  version "6.3.1"
  resolved "https://registry.yarnpkg.com/nodemailer/-/nodemailer-6.3.1.tgz#2784beebac6b9f014c424c54dbdcc5c4d1221346"
  integrity sha512-j0BsSyaMlyadEDEypK/F+xlne2K5m6wzPYMXS/yxKI0s7jmT1kBx6GEKRVbZmyYfKOsjkeC/TiMVDJBI/w5gMQ==

now@^16.4.0:
  version "16.4.0"
  resolved "https://registry.yarnpkg.com/now/-/now-16.4.0.tgz#4f852d820925ef25f2eb767f6c07f55378713612"
  integrity sha512-4k4PzuwPrvAFQToBDr+mWDlICPmSMwCFndFC91NjQix/bqScvmOozM8c8VEHAlPi6y45ee2tCXJhvymX7dCeoQ==

process@^0.11.10:
  version "0.11.10"
  resolved "https://registry.yarnpkg.com/process/-/process-0.11.10.tgz#7332300e840161bda3e69a1d1d91a7d4bc16f182"
  integrity sha1-czIwDoQBYb2j5podHZGn1LwW8YI=
